
Microsoft Visual Studio Solution File, Format Version 12.00
# Visual Studio Version 17
VisualStudioVersion = 17.5.33530.505
MinimumVisualStudioVersion = 10.0.40219.1
Project("{9A19103F-16F7-4668-BE54-9A1E7A4F7556}") = "практика 5", "практика 5\практика 5.csproj", "{9DBF1E9C-A86C-4A70-B512-F795A06E7811}"
EndProject
Project("{FAE04EC0-301F-11D3-BF4B-00C04F79EFBC}") = "WpfApp1", "WpfApp1\WpfApp1.csproj", "{00153C06-5785-4B38-9AAB-666F1CD96BB8}"
	ProjectSection(ProjectDependencies) = postProject
		{9DBF1E9C-A86C-4A70-B512-F795A06E7811} = {9DBF1E9C-A86C-4A70-B512-F795A06E7811}
	EndProjectSection
EndProject
Global
	GlobalSection(SolutionConfigurationPlatforms) = preSolution
		Debug|Any CPU = Debug|Any CPU
		Release|Any CPU = Release|Any CPU
	EndGlobalSection
	GlobalSection(ProjectConfigurationPlatforms) = postSolution
		{9DBF1E9C-A86C-4A70-B512-F795A06E7811}.Debug|Any CPU.ActiveCfg = Debug|Any CPU
		{9DBF1E9C-A86C-4A70-B512-F795A06E7811}.Debug|Any CPU.Build.0 = Debug|Any CPU
		{9DBF1E9C-A86C-4A70-B512-F795A06E7811}.Release|Any CPU.ActiveCfg = Release|Any CPU
		{9DBF1E9C-A86C-4A70-B512-F795A06E7811}.Release|Any CPU.Build.0 = Release|Any CPU
		{00153C06-5785-4B38-9AAB-666F1CD96BB8}.Debug|Any CPU.ActiveCfg = Debug|Any CPU
		{00153C06-5785-4B38-9AAB-666F1CD96BB8}.Debug|Any CPU.Build.0 = Debug|Any CPU
		{00153C06-5785-4B38-9AAB-666F1CD96BB8}.Release|Any CPU.ActiveCfg = Release|Any CPU
		{00153C06-5785-4B38-9AAB-666F1CD96BB8}.Release|Any CPU.Build.0 = Release|Any CPU
	EndGlobalSection
	GlobalSection(SolutionProperties) = preSolution
		HideSolutionNode = FALSE
	EndGlobalSection
	GlobalSection(ExtensibilityGlobals) = postSolution
		SolutionGuid = {35B5B0EA-1E00-49F2-A34C-9D5C17D2E1E2}
	EndGlobalSection
EndGlobal
